
Microsoft Visual Studio Solution File, Format Version 12.00
# Visual Studio Version 17
VisualStudioVersion = 17.9.34714.143
MinimumVisualStudioVersion = 10.0.40219.1
Project("{FAE04EC0-301F-11D3-BF4B-00C04F79EFBC}") = "Homework-2", "Homework-2\Homework-2.csproj", "{2D75D017-1CDB-4D29-81FD-CE45B9B26BAD}"
EndProject
Global
	GlobalSection(SolutionConfigurationPlatforms) = preSolution
		Debug|Any CPU = Debug|Any CPU
		Release|Any CPU = Release|Any CPU
	EndGlobalSection
	GlobalSection(ProjectConfigurationPlatforms) = postSolution
		{2D75D017-1CDB-4D29-81FD-CE45B9B26BAD}.Debug|Any CPU.ActiveCfg = Debug|Any CPU
		{2D75D017-1CDB-4D29-81FD-CE45B9B26BAD}.Debug|Any CPU.Build.0 = Debug|Any CPU
		{2D75D017-1CDB-4D29-81FD-CE45B9B26BAD}.Release|Any CPU.ActiveCfg = Release|Any CPU
		{2D75D017-1CDB-4D29-81FD-CE45B9B26BAD}.Release|Any CPU.Build.0 = Release|Any CPU
	EndGlobalSection
	GlobalSection(SolutionProperties) = preSolution
		HideSolutionNode = FALSE
	EndGlobalSection
	GlobalSection(ExtensibilityGlobals) = postSolution
		SolutionGuid = {B71AD50D-6563-4D61-9B4C-044075AAA815}
	EndGlobalSection
EndGlobal
